
Microsoft Visual Studio Solution File, Format Version 12.00
# Visual Studio Version 16
VisualStudioVersion = 16.0.29613.14
MinimumVisualStudioVersion = 10.0.40219.1
Project("{FAE04EC0-301F-11D3-BF4B-00C04F79EFBC}") = "StudentSystemWeb", "StudentSystemWeb.csproj", "{5A0F1933-A8F1-4654-B4BF-1E5D001D1BAF}"
EndProject
Global
	GlobalSection(SolutionConfigurationPlatforms) = preSolution
		Debug|Any CPU = Debug|Any CPU
		Release|Any CPU = Release|Any CPU
	EndGlobalSection
	GlobalSection(ProjectConfigurationPlatforms) = postSolution
		{5A0F1933-A8F1-4654-B4BF-1E5D001D1BAF}.Debug|Any CPU.ActiveCfg = Debug|Any CPU
		{5A0F1933-A8F1-4654-B4BF-1E5D001D1BAF}.Debug|Any CPU.Build.0 = Debug|Any CPU
		{5A0F1933-A8F1-4654-B4BF-1E5D001D1BAF}.Release|Any CPU.ActiveCfg = Release|Any CPU
		{5A0F1933-A8F1-4654-B4BF-1E5D001D1BAF}.Release|Any CPU.Build.0 = Release|Any CPU
	EndGlobalSection
	GlobalSection(SolutionProperties) = preSolution
		HideSolutionNode = FALSE
	EndGlobalSection
	GlobalSection(ExtensibilityGlobals) = postSolution
		SolutionGuid = {D954F07B-C36F-4200-9404-17EA7ADD3717}
	EndGlobalSection
EndGlobal
